
Microsoft Visual Studio Solution File, Format Version 12.00
# Visual Studio Version 16
VisualStudioVersion = 16.0.31112.23
MinimumVisualStudioVersion = 10.0.40219.1
Project("{FAE04EC0-301F-11D3-BF4B-00C04F79EFBC}") = "WebAPITestSwagger", "WebAPITestSwagger\WebAPITestSwagger.csproj", "{24ED8B17-0798-42C8-93FB-0825E0FAD65C}"
EndProject
Global
	GlobalSection(SolutionConfigurationPlatforms) = preSolution
		Debug|Any CPU = Debug|Any CPU
		Release|Any CPU = Release|Any CPU
	EndGlobalSection
	GlobalSection(ProjectConfigurationPlatforms) = postSolution
		{24ED8B17-0798-42C8-93FB-0825E0FAD65C}.Debug|Any CPU.ActiveCfg = Debug|Any CPU
		{24ED8B17-0798-42C8-93FB-0825E0FAD65C}.Debug|Any CPU.Build.0 = Debug|Any CPU
		{24ED8B17-0798-42C8-93FB-0825E0FAD65C}.Release|Any CPU.ActiveCfg = Release|Any CPU
		{24ED8B17-0798-42C8-93FB-0825E0FAD65C}.Release|Any CPU.Build.0 = Release|Any CPU
	EndGlobalSection
	GlobalSection(SolutionProperties) = preSolution
		HideSolutionNode = FALSE
	EndGlobalSection
	GlobalSection(ExtensibilityGlobals) = postSolution
		SolutionGuid = {21116E75-77C9-4493-AF39-6F13FA51EDD3}
	EndGlobalSection
EndGlobal
